
Microsoft Visual Studio Solution File, Format Version 12.00
# Visual Studio 15
VisualStudioVersion = 15.0.28307.960
MinimumVisualStudioVersion = 10.0.40219.1
Project("{FAE04EC0-301F-11D3-BF4B-00C04F79EFBC}") = "Calculatorit006", "Calculatorit006\Calculatorit006.csproj", "{A6D49454-58AA-4B44-8C18-D490EFAA8B55}"
EndProject
Global
	GlobalSection(SolutionConfigurationPlatforms) = preSolution
		Debug|Any CPU = Debug|Any CPU
		Release|Any CPU = Release|Any CPU
	EndGlobalSection
	GlobalSection(ProjectConfigurationPlatforms) = postSolution
		{A6D49454-58AA-4B44-8C18-D490EFAA8B55}.Debug|Any CPU.ActiveCfg = Debug|Any CPU
		{A6D49454-58AA-4B44-8C18-D490EFAA8B55}.Debug|Any CPU.Build.0 = Debug|Any CPU
		{A6D49454-58AA-4B44-8C18-D490EFAA8B55}.Release|Any CPU.ActiveCfg = Release|Any CPU
		{A6D49454-58AA-4B44-8C18-D490EFAA8B55}.Release|Any CPU.Build.0 = Release|Any CPU
	EndGlobalSection
	GlobalSection(SolutionProperties) = preSolution
		HideSolutionNode = FALSE
	EndGlobalSection
	GlobalSection(ExtensibilityGlobals) = postSolution
		SolutionGuid = {5A96216D-4E52-4C3D-B25E-AED2F99E9E89}
	EndGlobalSection
EndGlobal
