
Microsoft Visual Studio Solution File, Format Version 12.00
# Visual Studio Version 17
VisualStudioVersion = 17.10.35013.160
MinimumVisualStudioVersion = 10.0.40219.1
Project("{FAE04EC0-301F-11D3-BF4B-00C04F79EFBC}") = "CalendarCon", "CalendarCon\CalendarCon.csproj", "{78299236-6D2E-4ED4-AACB-122988D1FF13}"
EndProject
Global
	GlobalSection(SolutionConfigurationPlatforms) = preSolution
		Debug|Any CPU = Debug|Any CPU
		Release|Any CPU = Release|Any CPU
	EndGlobalSection
	GlobalSection(ProjectConfigurationPlatforms) = postSolution
		{78299236-6D2E-4ED4-AACB-122988D1FF13}.Debug|Any CPU.ActiveCfg = Debug|Any CPU
		{78299236-6D2E-4ED4-AACB-122988D1FF13}.Debug|Any CPU.Build.0 = Debug|Any CPU
		{78299236-6D2E-4ED4-AACB-122988D1FF13}.Release|Any CPU.ActiveCfg = Release|Any CPU
		{78299236-6D2E-4ED4-AACB-122988D1FF13}.Release|Any CPU.Build.0 = Release|Any CPU
	EndGlobalSection
	GlobalSection(SolutionProperties) = preSolution
		HideSolutionNode = FALSE
	EndGlobalSection
	GlobalSection(ExtensibilityGlobals) = postSolution
		SolutionGuid = {C6067591-1A68-4B3E-B5A2-CAF7DCFCBD31}
	EndGlobalSection
EndGlobal
